
Microsoft Visual Studio Solution File, Format Version 12.00
# Visual Studio Version 17
VisualStudioVersion = 17.0.32014.148
MinimumVisualStudioVersion = 10.0.40219.1
Project("{2150E333-8FDC-42A3-9474-1A3956D46DE8}") = "Inventory", "Inventory", "{A998471B-6846-4FFE-AF16-67BB715DADBB}"
EndProject
Project("{2150E333-8FDC-42A3-9474-1A3956D46DE8}") = "FraudProtection", "FraudProtection", "{1CB9BBC4-0E6A-4158-9DE7-B35390CE1569}"
EndProject
Project("{2150E333-8FDC-42A3-9474-1A3956D46DE8}") = "Fulfillment", "Fulfillment", "{56DB4F09-500F-4E68-A13A-427D22AD3CA1}"
EndProject
Project("{2150E333-8FDC-42A3-9474-1A3956D46DE8}") = "ITOps", "ITOps", "{8D3D4E70-F464-4D62-AE9D-59FAEE7570C0}"
EndProject
Project("{9A19103F-16F7-4668-BE54-9A1E7A4F7556}") = "AcmeTickets.FraudProtection.Contracts", "FraudProtection\Contracts\AcmeTickets.FraudProtection.Contracts.csproj", "{2EE0CA78-EFA2-485F-8181-214F2F456BFE}"
EndProject
Project("{9A19103F-16F7-4668-BE54-9A1E7A4F7556}") = "AcmeTickets.FraudProtection.Domain", "FraudProtection\Domain\AcmeTickets.FraudProtection.Domain.csproj", "{0D687F27-AD59-4E5A-8133-A3BE52AA34BA}"
EndProject
Project("{9A19103F-16F7-4668-BE54-9A1E7A4F7556}") = "AcmeTickets.FraudProtection.Internal.Contracts", "FraudProtection\Internal.Contracts\AcmeTickets.FraudProtection.Internal.Contracts.csproj", "{1BAE8D70-6D11-4CA2-8728-ECAC528A1E6D}"
EndProject
Project("{9A19103F-16F7-4668-BE54-9A1E7A4F7556}") = "AcmeTickets.Inventory.Contracts", "Inventory\Contracts\AcmeTickets.Inventory.Contracts.csproj", "{E2EEB3D7-D8B3-455E-9C82-74039A019645}"
EndProject
Project("{9A19103F-16F7-4668-BE54-9A1E7A4F7556}") = "AcmeTickets.Inventory.Domain", "Inventory\Domain\AcmeTickets.Inventory.Domain.csproj", "{1565EBC1-E454-4977-939B-37B61CC01047}"
EndProject
Project("{9A19103F-16F7-4668-BE54-9A1E7A4F7556}") = "AcmeTickets.Inventory.Internal.Contracts", "Inventory\Internal.Contracts\AcmeTickets.Inventory.Internal.Contracts.csproj", "{2B35D7C1-7D5C-44E9-8E2A-E024ECBF0808}"
EndProject
Project("{9A19103F-16F7-4668-BE54-9A1E7A4F7556}") = "Function.Inventory", "Inventory\Function.Inventory\Function.Inventory.csproj", "{43C5807F-1A04-429B-9737-FDAA59744113}"
EndProject
Project("{2150E333-8FDC-42A3-9474-1A3956D46DE8}") = ".Common", ".Common", "{CAEB0FAE-FF46-47CD-9059-2676B68DB635}"
EndProject
Project("{9A19103F-16F7-4668-BE54-9A1E7A4F7556}") = "Acme.Nsb.Commons", "Nsb.Commons\Acme.Nsb.Commons.csproj", "{5C8A0BA7-7F9F-46C7-896A-940A7B59A800}"
EndProject
Project("{2150E333-8FDC-42A3-9474-1A3956D46DE8}") = "EventManagement", "EventManagement", "{C874A992-4540-4881-996F-D9A33D816367}"
EndProject
Project("{2150E333-8FDC-42A3-9474-1A3956D46DE8}") = "AccountReceivable", "AccountReceivable", "{348F3C00-287E-43E6-B19F-CABC7B5374D4}"
EndProject
Project("{9A19103F-16F7-4668-BE54-9A1E7A4F7556}") = "AcmeTickets.EventManagement.Contracts", "EventManagement\Contracts\AcmeTickets.EventManagement.Contracts.csproj", "{B3C9D0FE-AF10-4F53-9317-1E2483FA5D48}"
EndProject
Project("{9A19103F-16F7-4668-BE54-9A1E7A4F7556}") = "AcmeTickets.EventManagement.Domain", "EventManagement\Domain\AcmeTickets.EventManagement.Domain.csproj", "{A1044F5F-A6B3-446B-9BC1-79A5D6955465}"
EndProject
Project("{9A19103F-16F7-4668-BE54-9A1E7A4F7556}") = "AcmeTickets.EventManagement.Internal.Contracts", "EventManagement\Internal.Contracts\AcmeTickets.EventManagement.Internal.Contracts.csproj", "{2D4459DC-A6B3-49BF-867C-E1C381DB0BFD}"
EndProject
Project("{9A19103F-16F7-4668-BE54-9A1E7A4F7556}") = "Function.Purchase", "EventManagement\Function.Purchase\Function.Purchase.csproj", "{A518A51D-5835-4A73-91CD-EC203576618C}"
EndProject
Project("{9A19103F-16F7-4668-BE54-9A1E7A4F7556}") = "Function.FraudProtection", "FraudProtection\Function.FraudProtection\Function.FraudProtection.csproj", "{84E50FDC-3D6D-45A3-BF1D-3A067B4245D5}"
EndProject
Project("{9A19103F-16F7-4668-BE54-9A1E7A4F7556}") = "Function.ITOps", "ITOps\Function.ITOps\Function.ITOps.csproj", "{A1557940-E8CC-4ABA-861C-DCCD5CB40EAE}"
EndProject
Project("{9A19103F-16F7-4668-BE54-9A1E7A4F7556}") = "AcmeTickets.Fulfillment.Contracts", "Fulfillment\Contracts\AcmeTickets.Fulfillment.Contracts.csproj", "{D6E03E9E-0795-496F-862D-7B7457BA67B4}"
EndProject
Project("{9A19103F-16F7-4668-BE54-9A1E7A4F7556}") = "AcmeTickets.Fulfillment.Domain", "Fulfillment\Domain\AcmeTickets.Fulfillment.Domain.csproj", "{A3B4CE58-ECE1-4E1A-B0B0-4066E8DF42AC}"
EndProject
Project("{9A19103F-16F7-4668-BE54-9A1E7A4F7556}") = "AcmeTickets.Fulfillment.Internal.Contracts", "Fulfillment\Internal.Contracts\AcmeTickets.Fulfillment.Internal.Contracts.csproj", "{056B1EE9-DFB7-41E9-BE77-AD0E519E6E85}"
EndProject
Project("{9A19103F-16F7-4668-BE54-9A1E7A4F7556}") = "Function.Fulfillment", "Fulfillment\Function.Fulfillment\Function.Fulfillment.csproj", "{A8074B33-5802-4E1D-B117-032AF3C360F2}"
EndProject
Project("{9A19103F-16F7-4668-BE54-9A1E7A4F7556}") = "AcmeTickets.Inventory.UnitTests", "Inventory\AcmeTickets.Inventory.UnitTests\AcmeTickets.Inventory.UnitTests.csproj", "{577E4A8C-DC6E-443D-A9A7-279520359C46}"
EndProject
Project("{9A19103F-16F7-4668-BE54-9A1E7A4F7556}") = "AcmeTickets.ITOps.Contracts", "ITOps\AcmeTickets.ITOps.Contracts\AcmeTickets.ITOps.Contracts.csproj", "{6AEAE344-4942-4322-A099-A6784927F5EB}"
EndProject
Project("{9A19103F-16F7-4668-BE54-9A1E7A4F7556}") = "AcmeTickets.ITOps.SyncApi", "ITOps\AcmeTickets.ITOps.SyncApi\AcmeTickets.ITOps.SyncApi.csproj", "{49E1BF1E-7074-460C-867D-20DAF8F47E46}"
EndProject
Project("{9A19103F-16F7-4668-BE54-9A1E7A4F7556}") = "AcmeTickets.ITOps.Domain", "ITOps\AcmeTickets.ITOps.Domain\AcmeTickets.ITOps.Domain.csproj", "{98B2BA8D-6BC5-44EE-A770-FB00788F88F5}"
EndProject
Project("{9A19103F-16F7-4668-BE54-9A1E7A4F7556}") = "AcmeTickets.ITOps.Integration", "ITOps\AcmeTickets.ITOps.Integration\AcmeTickets.ITOps.Integration.csproj", "{F0DDAD35-5123-4349-B188-B26BA9F55328}"
EndProject
Project("{9A19103F-16F7-4668-BE54-9A1E7A4F7556}") = "AcmeTickets.Inventory.Integration", "Inventory\AcmeTickets.Inventory.Integration\AcmeTickets.Inventory.Integration.csproj", "{A37BF0CA-BB13-49C9-8BC3-8FE8F4C375F8}"
EndProject
Project("{9A19103F-16F7-4668-BE54-9A1E7A4F7556}") = "AcmeTickets.EventManagement.Integration", "EventManagement\AcmeTickets.EventManagement.Integration\AcmeTickets.EventManagement.Integration.csproj", "{CC4C6300-EBCC-4C6C-B116-02E654D96FD6}"
EndProject
Project("{2150E333-8FDC-42A3-9474-1A3956D46DE8}") = "TempProjects", "TempProjects", "{819277F3-506F-4F14-B63F-726484CB3375}"
EndProject
Project("{FAE04EC0-301F-11D3-BF4B-00C04F79EFBC}") = "EventellectDbApi", "EventellectDbApi\EventellectDbApi.csproj", "{771A2322-0933-4B04-B124-02787CC25449}"
EndProject
Global
	GlobalSection(SolutionConfigurationPlatforms) = preSolution
		Debug|Any CPU = Debug|Any CPU
		Release|Any CPU = Release|Any CPU
	EndGlobalSection
	GlobalSection(ProjectConfigurationPlatforms) = postSolution
		{2EE0CA78-EFA2-485F-8181-214F2F456BFE}.Debug|Any CPU.ActiveCfg = Debug|Any CPU
		{2EE0CA78-EFA2-485F-8181-214F2F456BFE}.Debug|Any CPU.Build.0 = Debug|Any CPU
		{2EE0CA78-EFA2-485F-8181-214F2F456BFE}.Release|Any CPU.ActiveCfg = Release|Any CPU
		{2EE0CA78-EFA2-485F-8181-214F2F456BFE}.Release|Any CPU.Build.0 = Release|Any CPU
		{0D687F27-AD59-4E5A-8133-A3BE52AA34BA}.Debug|Any CPU.ActiveCfg = Debug|Any CPU
		{0D687F27-AD59-4E5A-8133-A3BE52AA34BA}.Debug|Any CPU.Build.0 = Debug|Any CPU
		{0D687F27-AD59-4E5A-8133-A3BE52AA34BA}.Release|Any CPU.ActiveCfg = Release|Any CPU
		{0D687F27-AD59-4E5A-8133-A3BE52AA34BA}.Release|Any CPU.Build.0 = Release|Any CPU
		{1BAE8D70-6D11-4CA2-8728-ECAC528A1E6D}.Debug|Any CPU.ActiveCfg = Debug|Any CPU
		{1BAE8D70-6D11-4CA2-8728-ECAC528A1E6D}.Debug|Any CPU.Build.0 = Debug|Any CPU
		{1BAE8D70-6D11-4CA2-8728-ECAC528A1E6D}.Release|Any CPU.ActiveCfg = Release|Any CPU
		{1BAE8D70-6D11-4CA2-8728-ECAC528A1E6D}.Release|Any CPU.Build.0 = Release|Any CPU
		{E2EEB3D7-D8B3-455E-9C82-74039A019645}.Debug|Any CPU.ActiveCfg = Debug|Any CPU
		{E2EEB3D7-D8B3-455E-9C82-74039A019645}.Debug|Any CPU.Build.0 = Debug|Any CPU
		{E2EEB3D7-D8B3-455E-9C82-74039A019645}.Release|Any CPU.ActiveCfg = Release|Any CPU
		{E2EEB3D7-D8B3-455E-9C82-74039A019645}.Release|Any CPU.Build.0 = Release|Any CPU
		{1565EBC1-E454-4977-939B-37B61CC01047}.Debug|Any CPU.ActiveCfg = Debug|Any CPU
		{1565EBC1-E454-4977-939B-37B61CC01047}.Debug|Any CPU.Build.0 = Debug|Any CPU
		{1565EBC1-E454-4977-939B-37B61CC01047}.Release|Any CPU.ActiveCfg = Release|Any CPU
		{1565EBC1-E454-4977-939B-37B61CC01047}.Release|Any CPU.Build.0 = Release|Any CPU
		{2B35D7C1-7D5C-44E9-8E2A-E024ECBF0808}.Debug|Any CPU.ActiveCfg = Debug|Any CPU
		{2B35D7C1-7D5C-44E9-8E2A-E024ECBF0808}.Debug|Any CPU.Build.0 = Debug|Any CPU
		{2B35D7C1-7D5C-44E9-8E2A-E024ECBF0808}.Release|Any CPU.ActiveCfg = Release|Any CPU
		{2B35D7C1-7D5C-44E9-8E2A-E024ECBF0808}.Release|Any CPU.Build.0 = Release|Any CPU
		{43C5807F-1A04-429B-9737-FDAA59744113}.Debug|Any CPU.ActiveCfg = Debug|Any CPU
		{43C5807F-1A04-429B-9737-FDAA59744113}.Debug|Any CPU.Build.0 = Debug|Any CPU
		{43C5807F-1A04-429B-9737-FDAA59744113}.Release|Any CPU.ActiveCfg = Release|Any CPU
		{43C5807F-1A04-429B-9737-FDAA59744113}.Release|Any CPU.Build.0 = Release|Any CPU
		{5C8A0BA7-7F9F-46C7-896A-940A7B59A800}.Debug|Any CPU.ActiveCfg = Debug|Any CPU
		{5C8A0BA7-7F9F-46C7-896A-940A7B59A800}.Debug|Any CPU.Build.0 = Debug|Any CPU
		{5C8A0BA7-7F9F-46C7-896A-940A7B59A800}.Release|Any CPU.ActiveCfg = Release|Any CPU
		{5C8A0BA7-7F9F-46C7-896A-940A7B59A800}.Release|Any CPU.Build.0 = Release|Any CPU
		{B3C9D0FE-AF10-4F53-9317-1E2483FA5D48}.Debug|Any CPU.ActiveCfg = Debug|Any CPU
		{B3C9D0FE-AF10-4F53-9317-1E2483FA5D48}.Debug|Any CPU.Build.0 = Debug|Any CPU
		{B3C9D0FE-AF10-4F53-9317-1E2483FA5D48}.Release|Any CPU.ActiveCfg = Release|Any CPU
		{B3C9D0FE-AF10-4F53-9317-1E2483FA5D48}.Release|Any CPU.Build.0 = Release|Any CPU
		{A1044F5F-A6B3-446B-9BC1-79A5D6955465}.Debug|Any CPU.ActiveCfg = Debug|Any CPU
		{A1044F5F-A6B3-446B-9BC1-79A5D6955465}.Debug|Any CPU.Build.0 = Debug|Any CPU
		{A1044F5F-A6B3-446B-9BC1-79A5D6955465}.Release|Any CPU.ActiveCfg = Release|Any CPU
		{A1044F5F-A6B3-446B-9BC1-79A5D6955465}.Release|Any CPU.Build.0 = Release|Any CPU
		{2D4459DC-A6B3-49BF-867C-E1C381DB0BFD}.Debug|Any CPU.ActiveCfg = Debug|Any CPU
		{2D4459DC-A6B3-49BF-867C-E1C381DB0BFD}.Debug|Any CPU.Build.0 = Debug|Any CPU
		{2D4459DC-A6B3-49BF-867C-E1C381DB0BFD}.Release|Any CPU.ActiveCfg = Release|Any CPU
		{2D4459DC-A6B3-49BF-867C-E1C381DB0BFD}.Release|Any CPU.Build.0 = Release|Any CPU
		{A518A51D-5835-4A73-91CD-EC203576618C}.Debug|Any CPU.ActiveCfg = Debug|Any CPU
		{A518A51D-5835-4A73-91CD-EC203576618C}.Debug|Any CPU.Build.0 = Debug|Any CPU
		{A518A51D-5835-4A73-91CD-EC203576618C}.Release|Any CPU.ActiveCfg = Release|Any CPU
		{A518A51D-5835-4A73-91CD-EC203576618C}.Release|Any CPU.Build.0 = Release|Any CPU
		{84E50FDC-3D6D-45A3-BF1D-3A067B4245D5}.Debug|Any CPU.ActiveCfg = Debug|Any CPU
		{84E50FDC-3D6D-45A3-BF1D-3A067B4245D5}.Debug|Any CPU.Build.0 = Debug|Any CPU
		{84E50FDC-3D6D-45A3-BF1D-3A067B4245D5}.Release|Any CPU.ActiveCfg = Release|Any CPU
		{84E50FDC-3D6D-45A3-BF1D-3A067B4245D5}.Release|Any CPU.Build.0 = Release|Any CPU
		{A1557940-E8CC-4ABA-861C-DCCD5CB40EAE}.Debug|Any CPU.ActiveCfg = Debug|Any CPU
		{A1557940-E8CC-4ABA-861C-DCCD5CB40EAE}.Debug|Any CPU.Build.0 = Debug|Any CPU
		{A1557940-E8CC-4ABA-861C-DCCD5CB40EAE}.Release|Any CPU.ActiveCfg = Release|Any CPU
		{A1557940-E8CC-4ABA-861C-DCCD5CB40EAE}.Release|Any CPU.Build.0 = Release|Any CPU
		{D6E03E9E-0795-496F-862D-7B7457BA67B4}.Debug|Any CPU.ActiveCfg = Debug|Any CPU
		{D6E03E9E-0795-496F-862D-7B7457BA67B4}.Debug|Any CPU.Build.0 = Debug|Any CPU
		{D6E03E9E-0795-496F-862D-7B7457BA67B4}.Release|Any CPU.ActiveCfg = Release|Any CPU
		{D6E03E9E-0795-496F-862D-7B7457BA67B4}.Release|Any CPU.Build.0 = Release|Any CPU
		{A3B4CE58-ECE1-4E1A-B0B0-4066E8DF42AC}.Debug|Any CPU.ActiveCfg = Debug|Any CPU
		{A3B4CE58-ECE1-4E1A-B0B0-4066E8DF42AC}.Debug|Any CPU.Build.0 = Debug|Any CPU
		{A3B4CE58-ECE1-4E1A-B0B0-4066E8DF42AC}.Release|Any CPU.ActiveCfg = Release|Any CPU
		{A3B4CE58-ECE1-4E1A-B0B0-4066E8DF42AC}.Release|Any CPU.Build.0 = Release|Any CPU
		{056B1EE9-DFB7-41E9-BE77-AD0E519E6E85}.Debug|Any CPU.ActiveCfg = Debug|Any CPU
		{056B1EE9-DFB7-41E9-BE77-AD0E519E6E85}.Debug|Any CPU.Build.0 = Debug|Any CPU
		{056B1EE9-DFB7-41E9-BE77-AD0E519E6E85}.Release|Any CPU.ActiveCfg = Release|Any CPU
		{056B1EE9-DFB7-41E9-BE77-AD0E519E6E85}.Release|Any CPU.Build.0 = Release|Any CPU
		{A8074B33-5802-4E1D-B117-032AF3C360F2}.Debug|Any CPU.ActiveCfg = Debug|Any CPU
		{A8074B33-5802-4E1D-B117-032AF3C360F2}.Debug|Any CPU.Build.0 = Debug|Any CPU
		{A8074B33-5802-4E1D-B117-032AF3C360F2}.Release|Any CPU.ActiveCfg = Release|Any CPU
		{A8074B33-5802-4E1D-B117-032AF3C360F2}.Release|Any CPU.Build.0 = Release|Any CPU
		{577E4A8C-DC6E-443D-A9A7-279520359C46}.Debug|Any CPU.ActiveCfg = Debug|Any CPU
		{577E4A8C-DC6E-443D-A9A7-279520359C46}.Debug|Any CPU.Build.0 = Debug|Any CPU
		{577E4A8C-DC6E-443D-A9A7-279520359C46}.Release|Any CPU.ActiveCfg = Release|Any CPU
		{577E4A8C-DC6E-443D-A9A7-279520359C46}.Release|Any CPU.Build.0 = Release|Any CPU
		{6AEAE344-4942-4322-A099-A6784927F5EB}.Debug|Any CPU.ActiveCfg = Debug|Any CPU
		{6AEAE344-4942-4322-A099-A6784927F5EB}.Debug|Any CPU.Build.0 = Debug|Any CPU
		{6AEAE344-4942-4322-A099-A6784927F5EB}.Release|Any CPU.ActiveCfg = Release|Any CPU
		{6AEAE344-4942-4322-A099-A6784927F5EB}.Release|Any CPU.Build.0 = Release|Any CPU
		{49E1BF1E-7074-460C-867D-20DAF8F47E46}.Debug|Any CPU.ActiveCfg = Debug|Any CPU
		{49E1BF1E-7074-460C-867D-20DAF8F47E46}.Debug|Any CPU.Build.0 = Debug|Any CPU
		{49E1BF1E-7074-460C-867D-20DAF8F47E46}.Release|Any CPU.ActiveCfg = Release|Any CPU
		{49E1BF1E-7074-460C-867D-20DAF8F47E46}.Release|Any CPU.Build.0 = Release|Any CPU
		{98B2BA8D-6BC5-44EE-A770-FB00788F88F5}.Debug|Any CPU.ActiveCfg = Debug|Any CPU
		{98B2BA8D-6BC5-44EE-A770-FB00788F88F5}.Debug|Any CPU.Build.0 = Debug|Any CPU
		{98B2BA8D-6BC5-44EE-A770-FB00788F88F5}.Release|Any CPU.ActiveCfg = Release|Any CPU
		{98B2BA8D-6BC5-44EE-A770-FB00788F88F5}.Release|Any CPU.Build.0 = Release|Any CPU
		{F0DDAD35-5123-4349-B188-B26BA9F55328}.Debug|Any CPU.ActiveCfg = Debug|Any CPU
		{F0DDAD35-5123-4349-B188-B26BA9F55328}.Debug|Any CPU.Build.0 = Debug|Any CPU
		{F0DDAD35-5123-4349-B188-B26BA9F55328}.Release|Any CPU.ActiveCfg = Release|Any CPU
		{F0DDAD35-5123-4349-B188-B26BA9F55328}.Release|Any CPU.Build.0 = Release|Any CPU
		{A37BF0CA-BB13-49C9-8BC3-8FE8F4C375F8}.Debug|Any CPU.ActiveCfg = Debug|Any CPU
		{A37BF0CA-BB13-49C9-8BC3-8FE8F4C375F8}.Debug|Any CPU.Build.0 = Debug|Any CPU
		{A37BF0CA-BB13-49C9-8BC3-8FE8F4C375F8}.Release|Any CPU.ActiveCfg = Release|Any CPU
		{A37BF0CA-BB13-49C9-8BC3-8FE8F4C375F8}.Release|Any CPU.Build.0 = Release|Any CPU
		{CC4C6300-EBCC-4C6C-B116-02E654D96FD6}.Debug|Any CPU.ActiveCfg = Debug|Any CPU
		{CC4C6300-EBCC-4C6C-B116-02E654D96FD6}.Debug|Any CPU.Build.0 = Debug|Any CPU
		{CC4C6300-EBCC-4C6C-B116-02E654D96FD6}.Release|Any CPU.ActiveCfg = Release|Any CPU
		{CC4C6300-EBCC-4C6C-B116-02E654D96FD6}.Release|Any CPU.Build.0 = Release|Any CPU
		{771A2322-0933-4B04-B124-02787CC25449}.Debug|Any CPU.ActiveCfg = Debug|Any CPU
		{771A2322-0933-4B04-B124-02787CC25449}.Debug|Any CPU.Build.0 = Debug|Any CPU
		{771A2322-0933-4B04-B124-02787CC25449}.Release|Any CPU.ActiveCfg = Release|Any CPU
		{771A2322-0933-4B04-B124-02787CC25449}.Release|Any CPU.Build.0 = Release|Any CPU
	EndGlobalSection
	GlobalSection(SolutionProperties) = preSolution
		HideSolutionNode = FALSE
	EndGlobalSection
	GlobalSection(NestedProjects) = preSolution
		{2EE0CA78-EFA2-485F-8181-214F2F456BFE} = {1CB9BBC4-0E6A-4158-9DE7-B35390CE1569}
		{0D687F27-AD59-4E5A-8133-A3BE52AA34BA} = {1CB9BBC4-0E6A-4158-9DE7-B35390CE1569}
		{1BAE8D70-6D11-4CA2-8728-ECAC528A1E6D} = {1CB9BBC4-0E6A-4158-9DE7-B35390CE1569}
		{E2EEB3D7-D8B3-455E-9C82-74039A019645} = {A998471B-6846-4FFE-AF16-67BB715DADBB}
		{1565EBC1-E454-4977-939B-37B61CC01047} = {A998471B-6846-4FFE-AF16-67BB715DADBB}
		{2B35D7C1-7D5C-44E9-8E2A-E024ECBF0808} = {A998471B-6846-4FFE-AF16-67BB715DADBB}
		{43C5807F-1A04-429B-9737-FDAA59744113} = {A998471B-6846-4FFE-AF16-67BB715DADBB}
		{5C8A0BA7-7F9F-46C7-896A-940A7B59A800} = {CAEB0FAE-FF46-47CD-9059-2676B68DB635}
		{B3C9D0FE-AF10-4F53-9317-1E2483FA5D48} = {C874A992-4540-4881-996F-D9A33D816367}
		{A1044F5F-A6B3-446B-9BC1-79A5D6955465} = {C874A992-4540-4881-996F-D9A33D816367}
		{2D4459DC-A6B3-49BF-867C-E1C381DB0BFD} = {C874A992-4540-4881-996F-D9A33D816367}
		{A518A51D-5835-4A73-91CD-EC203576618C} = {C874A992-4540-4881-996F-D9A33D816367}
		{84E50FDC-3D6D-45A3-BF1D-3A067B4245D5} = {1CB9BBC4-0E6A-4158-9DE7-B35390CE1569}
		{A1557940-E8CC-4ABA-861C-DCCD5CB40EAE} = {8D3D4E70-F464-4D62-AE9D-59FAEE7570C0}
		{D6E03E9E-0795-496F-862D-7B7457BA67B4} = {56DB4F09-500F-4E68-A13A-427D22AD3CA1}
		{A3B4CE58-ECE1-4E1A-B0B0-4066E8DF42AC} = {56DB4F09-500F-4E68-A13A-427D22AD3CA1}
		{056B1EE9-DFB7-41E9-BE77-AD0E519E6E85} = {56DB4F09-500F-4E68-A13A-427D22AD3CA1}
		{A8074B33-5802-4E1D-B117-032AF3C360F2} = {56DB4F09-500F-4E68-A13A-427D22AD3CA1}
		{577E4A8C-DC6E-443D-A9A7-279520359C46} = {A998471B-6846-4FFE-AF16-67BB715DADBB}
		{6AEAE344-4942-4322-A099-A6784927F5EB} = {8D3D4E70-F464-4D62-AE9D-59FAEE7570C0}
		{49E1BF1E-7074-460C-867D-20DAF8F47E46} = {8D3D4E70-F464-4D62-AE9D-59FAEE7570C0}
		{98B2BA8D-6BC5-44EE-A770-FB00788F88F5} = {8D3D4E70-F464-4D62-AE9D-59FAEE7570C0}
		{F0DDAD35-5123-4349-B188-B26BA9F55328} = {8D3D4E70-F464-4D62-AE9D-59FAEE7570C0}
		{A37BF0CA-BB13-49C9-8BC3-8FE8F4C375F8} = {A998471B-6846-4FFE-AF16-67BB715DADBB}
		{CC4C6300-EBCC-4C6C-B116-02E654D96FD6} = {C874A992-4540-4881-996F-D9A33D816367}
		{771A2322-0933-4B04-B124-02787CC25449} = {819277F3-506F-4F14-B63F-726484CB3375}
	EndGlobalSection
	GlobalSection(ExtensibilityGlobals) = postSolution
		SolutionGuid = {CB03B310-C8C2-40C7-A6F9-D43A26AB9FEE}
	EndGlobalSection
EndGlobal
